// !$*UTF8*$!
{
	archiveVersion = 1;
	classes = {
	};
	objectVersion = 50;
	objects = {

/* Begin PBXBuildFile section */
		013E25B0212C66EE00E39872 /* VarAndLet.swift in Sources */ = {isa = PBXBuildFile; fileRef = 013E25AF212C66EE00E39872 /* VarAndLet.swift */; };
		013E25B2212C6C4C00E39872 /* ControlFlow.swift in Sources */ = {isa = PBXBuildFile; fileRef = 013E25B1212C6C4C00E39872 /* ControlFlow.swift */; };
		013E25B4212C6DF300E39872 /* Tuple.swift in Sources */ = {isa = PBXBuildFile; fileRef = 013E25B3212C6DF300E39872 /* Tuple.swift */; };
		013E25B6212C710A00E39872 /* Optional.swift in Sources */ = {isa = PBXBuildFile; fileRef = 013E25B5212C710A00E39872 /* Optional.swift */; };
		0171E5CA210ABA7F0033688F /* HGMWKWebViewController.swift in Sources */ = {isa = PBXBuildFile; fileRef = 0171E5C9210ABA7F0033688F /* HGMWKWebViewController.swift */; };
		017BDFC420F7B8380064403D /* AppDelegate.swift in Sources */ = {isa = PBXBuildFile; fileRef = 017BDFC320F7B8380064403D /* AppDelegate.swift */; };
		017BDFC620F7B8380064403D /* ViewController.swift in Sources */ = {isa = PBXBuildFile; fileRef = 017BDFC520F7B8380064403D /* ViewController.swift */; };
		017BDFC920F7B8380064403D /* Main.storyboard in Resources */ = {isa = PBXBuildFile; fileRef = 017BDFC720F7B8380064403D /* Main.storyboard */; };
		017BDFCB20F7B8390064403D /* Assets.xcassets in Resources */ = {isa = PBXBuildFile; fileRef = 017BDFCA20F7B8390064403D /* Assets.xcassets */; };
		017BDFCE20F7B8390064403D /* LaunchScreen.storyboard in Resources */ = {isa = PBXBuildFile; fileRef = 017BDFCC20F7B8390064403D /* LaunchScreen.storyboard */; };
		017BDFD920F7B83A0064403D /* nshipsterSwiftTests.swift in Sources */ = {isa = PBXBuildFile; fileRef = 017BDFD820F7B83A0064403D /* nshipsterSwiftTests.swift */; };
		017BDFE420F7B83A0064403D /* nshipsterSwiftUITests.swift in Sources */ = {isa = PBXBuildFile; fileRef = 017BDFE320F7B83A0064403D /* nshipsterSwiftUITests.swift */; };
		017BDFF520FB045E0064403D /* TestClosureViewController.swift in Sources */ = {isa = PBXBuildFile; fileRef = 017BDFF420FB045E0064403D /* TestClosureViewController.swift */; };
/* End PBXBuildFile section */

/* Begin PBXContainerItemProxy section */
		017BDFD520F7B83A0064403D /* PBXContainerItemProxy */ = {
			isa = PBXContainerItemProxy;
			containerPortal = 017BDFB820F7B8380064403D /* Project object */;
			proxyType = 1;
			remoteGlobalIDString = 017BDFBF20F7B8380064403D;
			remoteInfo = nshipsterSwift;
		};
		017BDFE020F7B83A0064403D /* PBXContainerItemProxy */ = {
			isa = PBXContainerItemProxy;
			containerPortal = 017BDFB820F7B8380064403D /* Project object */;
			proxyType = 1;
			remoteGlobalIDString = 017BDFBF20F7B8380064403D;
			remoteInfo = nshipsterSwift;
		};
/* End PBXContainerItemProxy section */

/* Begin PBXFileReference section */
		013E25AF212C66EE00E39872 /* VarAndLet.swift */ = {isa = PBXFileReference; lastKnownFileType = sourcecode.swift; path = VarAndLet.swift; sourceTree = "<group>"; };
		013E25B1212C6C4C00E39872 /* ControlFlow.swift */ = {isa = PBXFileReference; lastKnownFileType = sourcecode.swift; path = ControlFlow.swift; sourceTree = "<group>"; };
		013E25B3212C6DF300E39872 /* Tuple.swift */ = {isa = PBXFileReference; lastKnownFileType = sourcecode.swift; path = Tuple.swift; sourceTree = "<group>"; };
		013E25B5212C710A00E39872 /* Optional.swift */ = {isa = PBXFileReference; lastKnownFileType = sourcecode.swift; path = Optional.swift; sourceTree = "<group>"; };
		0171E5C9210ABA7F0033688F /* HGMWKWebViewController.swift */ = {isa = PBXFileReference; lastKnownFileType = sourcecode.swift; path = HGMWKWebViewController.swift; sourceTree = "<group>"; };
		017BDFC020F7B8380064403D /* nshipsterSwift.app */ = {isa = PBXFileReference; explicitFileType = wrapper.application; includeInIndex = 0; path = nshipsterSwift.app; sourceTree = BUILT_PRODUCTS_DIR; };
		017BDFC320F7B8380064403D /* AppDelegate.swift */ = {isa = PBXFileReference; lastKnownFileType = sourcecode.swift; path = AppDelegate.swift; sourceTree = "<group>"; };
		017BDFC520F7B8380064403D /* ViewController.swift */ = {isa = PBXFileReference; lastKnownFileType = sourcecode.swift; path = ViewController.swift; sourceTree = "<group>"; };
		017BDFC820F7B8380064403D /* Base */ = {isa = PBXFileReference; lastKnownFileType = file.storyboard; name = Base; path = Base.lproj/Main.storyboard; sourceTree = "<group>"; };
		017BDFCA20F7B8390064403D /* Assets.xcassets */ = {isa = PBXFileReference; lastKnownFileType = folder.assetcatalog; path = Assets.xcassets; sourceTree = "<group>"; };
		017BDFCD20F7B8390064403D /* Base */ = {isa = PBXFileReference; lastKnownFileType = file.storyboard; name = Base; path = Base.lproj/LaunchScreen.storyboard; sourceTree = "<group>"; };
		017BDFCF20F7B8390064403D /* Info.plist */ = {isa = PBXFileReference; lastKnownFileType = text.plist.xml; path = Info.plist; sourceTree = "<group>"; };
		017BDFD420F7B83A0064403D /* nshipsterSwiftTests.xctest */ = {isa = PBXFileReference; explicitFileType = wrapper.cfbundle; includeInIndex = 0; path = nshipsterSwiftTests.xctest; sourceTree = BUILT_PRODUCTS_DIR; };
		017BDFD820F7B83A0064403D /* nshipsterSwiftTests.swift */ = {isa = PBXFileReference; lastKnownFileType = sourcecode.swift; path = nshipsterSwiftTests.swift; sourceTree = "<group>"; };
		017BDFDA20F7B83A0064403D /* Info.plist */ = {isa = PBXFileReference; lastKnownFileType = text.plist.xml; path = Info.plist; sourceTree = "<group>"; };
		017BDFDF20F7B83A0064403D /* nshipsterSwiftUITests.xctest */ = {isa = PBXFileReference; explicitFileType = wrapper.cfbundle; includeInIndex = 0; path = nshipsterSwiftUITests.xctest; sourceTree = BUILT_PRODUCTS_DIR; };
		017BDFE320F7B83A0064403D /* nshipsterSwiftUITests.swift */ = {isa = PBXFileReference; lastKnownFileType = sourcecode.swift; path = nshipsterSwiftUITests.swift; sourceTree = "<group>"; };
		017BDFE520F7B83A0064403D /* Info.plist */ = {isa = PBXFileReference; lastKnownFileType = text.plist.xml; path = Info.plist; sourceTree = "<group>"; };
		017BDFF420FB045E0064403D /* TestClosureViewController.swift */ = {isa = PBXFileReference; lastKnownFileType = sourcecode.swift; path = TestClosureViewController.swift; sourceTree = "<group>"; };
/* End PBXFileReference section */

/* Begin PBXFrameworksBuildPhase section */
		017BDFBD20F7B8380064403D /* Frameworks */ = {
			isa = PBXFrameworksBuildPhase;
			buildActionMask = 2147483647;
			files = (
			);
			runOnlyForDeploymentPostprocessing = 0;
		};
		017BDFD120F7B83A0064403D /* Frameworks */ = {
			isa = PBXFrameworksBuildPhase;
			buildActionMask = 2147483647;
			files = (
			);
			runOnlyForDeploymentPostprocessing = 0;
		};
		017BDFDC20F7B83A0064403D /* Frameworks */ = {
			isa = PBXFrameworksBuildPhase;
			buildActionMask = 2147483647;
			files = (
			);
			runOnlyForDeploymentPostprocessing = 0;
		};
/* End PBXFrameworksBuildPhase section */

/* Begin PBXGroup section */
		013E25AE212C656300E39872 /* Controllers */ = {
			isa = PBXGroup;
			children = (
				017BDFC520F7B8380064403D /* ViewController.swift */,
				017BDFF420FB045E0064403D /* TestClosureViewController.swift */,
				013E25AF212C66EE00E39872 /* VarAndLet.swift */,
				013E25B1212C6C4C00E39872 /* ControlFlow.swift */,
				013E25B3212C6DF300E39872 /* Tuple.swift */,
				013E25B5212C710A00E39872 /* Optional.swift */,
			);
			name = Controllers;
			sourceTree = "<group>";
		};
		0171E5C8210ABA5C0033688F /* WKWebview */ = {
			isa = PBXGroup;
			children = (
				0171E5C9210ABA7F0033688F /* HGMWKWebViewController.swift */,
			);
			path = WKWebview;
			sourceTree = "<group>";
		};
		017BDFB720F7B8380064403D = {
			isa = PBXGroup;
			children = (
				017BDFC220F7B8380064403D /* nshipsterSwift */,
				017BDFD720F7B83A0064403D /* nshipsterSwiftTests */,
				017BDFE220F7B83A0064403D /* nshipsterSwiftUITests */,
				017BDFC120F7B8380064403D /* Products */,
			);
			sourceTree = "<group>";
		};
		017BDFC120F7B8380064403D /* Products */ = {
			isa = PBXGroup;
			children = (
				017BDFC020F7B8380064403D /* nshipsterSwift.app */,
				017BDFD420F7B83A0064403D /* nshipsterSwiftTests.xctest */,
				017BDFDF20F7B83A0064403D /* nshipsterSwiftUITests.xctest */,
			);
			name = Products;
			sourceTree = "<group>";
		};
		017BDFC220F7B8380064403D /* nshipsterSwift */ = {
			isa = PBXGroup;
			children = (
				013E25AE212C656300E39872 /* Controllers */,
				0171E5C8210ABA5C0033688F /* WKWebview */,
				017BDFC320F7B8380064403D /* AppDelegate.swift */,
				017BDFC720F7B8380064403D /* Main.storyboard */,
				017BDFCA20F7B8390064403D /* Assets.xcassets */,
				017BDFCC20F7B8390064403D /* LaunchScreen.storyboard */,
				017BDFCF20F7B8390064403D /* Info.plist */,
			);
			path = nshipsterSwift;
			sourceTree = "<group>";
		};
		017BDFD720F7B83A0064403D /* nshipsterSwiftTests */ = {
			isa = PBXGroup;
			children = (
				017BDFD820F7B83A0064403D /* nshipsterSwiftTests.swift */,
				017BDFDA20F7B83A0064403D /* Info.plist */,
			);
			path = nshipsterSwiftTests;
			sourceTree = "<group>";
		};
		017BDFE220F7B83A0064403D /* nshipsterSwiftUITests */ = {
			isa = PBXGroup;
			children = (
				017BDFE320F7B83A0064403D /* nshipsterSwiftUITests.swift */,
				017BDFE520F7B83A0064403D /* Info.plist */,
			);
			path = nshipsterSwiftUITests;
			sourceTree = "<group>";
		};
/* End PBXGroup section */

/* Begin PBXNativeTarget section */
		017BDFBF20F7B8380064403D /* nshipsterSwift */ = {
			isa = PBXNativeTarget;
			buildConfigurationList = 017BDFE820F7B83A0064403D /* Build configuration list for PBXNativeTarget "nshipsterSwift" */;
			buildPhases = (
				017BDFBC20F7B8380064403D /* Sources */,
				017BDFBD20F7B8380064403D /* Frameworks */,
				017BDFBE20F7B8380064403D /* Resources */,
			);
			buildRules = (
			);
			dependencies = (
			);
			name = nshipsterSwift;
			productName = nshipsterSwift;
			productReference = 017BDFC020F7B8380064403D /* nshipsterSwift.app */;
			productType = "com.apple.product-type.application";
		};
		017BDFD320F7B83A0064403D /* nshipsterSwiftTests */ = {
			isa = PBXNativeTarget;
			buildConfigurationList = 017BDFEB20F7B83A0064403D /* Build configuration list for PBXNativeTarget "nshipsterSwiftTests" */;
			buildPhases = (
				017BDFD020F7B83A0064403D /* Sources */,
				017BDFD120F7B83A0064403D /* Frameworks */,
				017BDFD220F7B83A0064403D /* Resources */,
			);
			buildRules = (
			);
			dependencies = (
				017BDFD620F7B83A0064403D /* PBXTargetDependency */,
			);
			name = nshipsterSwiftTests;
			productName = nshipsterSwiftTests;
			productReference = 017BDFD420F7B83A0064403D /* nshipsterSwiftTests.xctest */;
			productType = "com.apple.product-type.bundle.unit-test";
		};
		017BDFDE20F7B83A0064403D /* nshipsterSwiftUITests */ = {
			isa = PBXNativeTarget;
			buildConfigurationList = 017BDFEE20F7B83A0064403D /* Build configuration list for PBXNativeTarget "nshipsterSwiftUITests" */;
			buildPhases = (
				017BDFDB20F7B83A0064403D /* Sources */,
				017BDFDC20F7B83A0064403D /* Frameworks */,
				017BDFDD20F7B83A0064403D /* Resources */,
			);
			buildRules = (
			);
			dependencies = (
				017BDFE120F7B83A0064403D /* PBXTargetDependency */,
			);
			name = nshipsterSwiftUITests;
			productName = nshipsterSwiftUITests;
			productReference = 017BDFDF20F7B83A0064403D /* nshipsterSwiftUITests.xctest */;
			productType = "com.apple.product-type.bundle.ui-testing";
		};
/* End PBXNativeTarget section */

/* Begin PBXProject section */
		017BDFB820F7B8380064403D /* Project object */ = {
			isa = PBXProject;
			attributes = {
				LastSwiftUpdateCheck = 0930;
				LastUpgradeCheck = 0930;
				ORGANIZATIONNAME = Nick;
				TargetAttributes = {
					017BDFBF20F7B8380064403D = {
						CreatedOnToolsVersion = 9.3;
						LastSwiftMigration = 1000;
					};
					017BDFD320F7B83A0064403D = {
						CreatedOnToolsVersion = 9.3;
						LastSwiftMigration = 1000;
						TestTargetID = 017BDFBF20F7B8380064403D;
					};
					017BDFDE20F7B83A0064403D = {
						CreatedOnToolsVersion = 9.3;
						LastSwiftMigration = 1000;
						TestTargetID = 017BDFBF20F7B8380064403D;
					};
				};
			};
			buildConfigurationList = 017BDFBB20F7B8380064403D /* Build configuration list for PBXProject "nshipsterSwift" */;
			compatibilityVersion = "Xcode 9.3";
			developmentRegion = en;
			hasScannedForEncodings = 0;
			knownRegions = (
				en,
				Base,
			);
			mainGroup = 017BDFB720F7B8380064403D;
			productRefGroup = 017BDFC120F7B8380064403D /* Products */;
			projectDirPath = "";
			projectRoot = "";
			targets = (
				017BDFBF20F7B8380064403D /* nshipsterSwift */,
				017BDFD320F7B83A0064403D /* nshipsterSwiftTests */,
				017BDFDE20F7B83A0064403D /* nshipsterSwiftUITests */,
			);
		};
/* End PBXProject section */

/* Begin PBXResourcesBuildPhase section */
		017BDFBE20F7B8380064403D /* Resources */ = {
			isa = PBXResourcesBuildPhase;
			buildActionMask = 2147483647;
			files = (
				017BDFCE20F7B8390064403D /* LaunchScreen.storyboard in Resources */,
				017BDFCB20F7B8390064403D /* Assets.xcassets in Resources */,
				017BDFC920F7B8380064403D /* Main.storyboard in Resources */,
			);
			runOnlyForDeploymentPostprocessing = 0;
		};
		017BDFD220F7B83A0064403D /* Resources */ = {
			isa = PBXResourcesBuildPhase;
			buildActionMask = 2147483647;
			files = (
			);
			runOnlyForDeploymentPostprocessing = 0;
		};
		017BDFDD20F7B83A0064403D /* Resources */ = {
			isa = PBXResourcesBuildPhase;
			buildActionMask = 2147483647;
			files = (
			);
			runOnlyForDeploymentPostprocessing = 0;
		};
/* End PBXResourcesBuildPhase section */

/* Begin PBXSourcesBuildPhase section */
		017BDFBC20F7B8380064403D /* Sources */ = {
			isa = PBXSourcesBuildPhase;
			buildActionMask = 2147483647;
			files = (
				017BDFF520FB045E0064403D /* TestClosureViewController.swift in Sources */,
				013E25B2212C6C4C00E39872 /* ControlFlow.swift in Sources */,
				013E25B0212C66EE00E39872 /* VarAndLet.swift in Sources */,
				017BDFC620F7B8380064403D /* ViewController.swift in Sources */,
				0171E5CA210ABA7F0033688F /* HGMWKWebViewController.swift in Sources */,
				013E25B4212C6DF300E39872 /* Tuple.swift in Sources */,
				017BDFC420F7B8380064403D /* AppDelegate.swift in Sources */,
				013E25B6212C710A00E39872 /* Optional.swift in Sources */,
			);
			runOnlyForDeploymentPostprocessing = 0;
		};
		017BDFD020F7B83A0064403D /* Sources */ = {
			isa = PBXSourcesBuildPhase;
			buildActionMask = 2147483647;
			files = (
				017BDFD920F7B83A0064403D /* nshipsterSwiftTests.swift in Sources */,
			);
			runOnlyForDeploymentPostprocessing = 0;
		};
		017BDFDB20F7B83A0064403D /* Sources */ = {
			isa = PBXSourcesBuildPhase;
			buildActionMask = 2147483647;
			files = (
				017BDFE420F7B83A0064403D /* nshipsterSwiftUITests.swift in Sources */,
			);
			runOnlyForDeploymentPostprocessing = 0;
		};
/* End PBXSourcesBuildPhase section */

/* Begin PBXTargetDependency section */
		017BDFD620F7B83A0064403D /* PBXTargetDependency */ = {
			isa = PBXTargetDependency;
			target = 017BDFBF20F7B8380064403D /* nshipsterSwift */;
			targetProxy = 017BDFD520F7B83A0064403D /* PBXContainerItemProxy */;
		};
		017BDFE120F7B83A0064403D /* PBXTargetDependency */ = {
			isa = PBXTargetDependency;
			target = 017BDFBF20F7B8380064403D /* nshipsterSwift */;
			targetProxy = 017BDFE020F7B83A0064403D /* PBXContainerItemProxy */;
		};
/* End PBXTargetDependency section */

/* Begin PBXVariantGroup section */
		017BDFC720F7B8380064403D /* Main.storyboard */ = {
			isa = PBXVariantGroup;
			children = (
				017BDFC820F7B8380064403D /* Base */,
			);
			name = Main.storyboard;
			sourceTree = "<group>";
		};
		017BDFCC20F7B8390064403D /* LaunchScreen.storyboard */ = {
			isa = PBXVariantGroup;
			children = (
				017BDFCD20F7B8390064403D /* Base */,
			);
			name = LaunchScreen.storyboard;
			sourceTree = "<group>";
		};
/* End PBXVariantGroup section */

/* Begin XCBuildConfiguration section */
		017BDFE620F7B83A0064403D /* Debug */ = {
			isa = XCBuildConfiguration;
			buildSettings = {
				ALWAYS_SEARCH_USER_PATHS = NO;
				CLANG_ANALYZER_NONNULL = YES;
				CLANG_ANALYZER_NUMBER_OBJECT_CONVERSION = YES_AGGRESSIVE;
				CLANG_CXX_LANGUAGE_STANDARD = "gnu++14";
				CLANG_CXX_LIBRARY = "libc++";
				CLANG_ENABLE_MODULES = YES;
				CLANG_ENABLE_OBJC_ARC = YES;
				CLANG_ENABLE_OBJC_WEAK = YES;
				CLANG_WARN_BLOCK_CAPTURE_AUTORELEASING = YES;
				CLANG_WARN_BOOL_CONVERSION = YES;
				CLANG_WARN_COMMA = YES;
				CLANG_WARN_CONSTANT_CONVERSION = YES;
				CLANG_WARN_DEPRECATED_OBJC_IMPLEMENTATIONS = YES;
				CLANG_WARN_DIRECT_OBJC_ISA_USAGE = YES_ERROR;
				CLANG_WARN_DOCUMENTATION_COMMENTS = YES;
				CLANG_WARN_EMPTY_BODY = YES;
				CLANG_WARN_ENUM_CONVERSION = YES;
				CLANG_WARN_INFINITE_RECURSION = YES;
				CLANG_WARN_INT_CONVERSION = YES;
				CLANG_WARN_NON_LITERAL_NULL_CONVERSION = YES;
				CLANG_WARN_OBJC_IMPLICIT_RETAIN_SELF = YES;
				CLANG_WARN_OBJC_LITERAL_CONVERSION = YES;
				CLANG_WARN_OBJC_ROOT_CLASS = YES_ERROR;
				CLANG_WARN_RANGE_LOOP_ANALYSIS = YES;
				CLANG_WARN_STRICT_PROTOTYPES = YES;
				CLANG_WARN_SUSPICIOUS_MOVE = YES;
				CLANG_WARN_UNGUARDED_AVAILABILITY = YES_AGGRESSIVE;
				CLANG_WARN_UNREACHABLE_CODE = YES;
				CLANG_WARN__DUPLICATE_METHOD_MATCH = YES;
				CODE_SIGN_IDENTITY = "iPhone Developer";
				COPY_PHASE_STRIP = NO;
				DEBUG_INFORMATION_FORMAT = dwarf;
				ENABLE_STRICT_OBJC_MSGSEND = YES;
				ENABLE_TESTABILITY = YES;
				GCC_C_LANGUAGE_STANDARD = gnu11;
				GCC_DYNAMIC_NO_PIC = NO;
				GCC_NO_COMMON_BLOCKS = YES;
				GCC_OPTIMIZATION_LEVEL = 0;
				GCC_PREPROCESSOR_DEFINITIONS = (
					"DEBUG=1",
					"$(inherited)",
				);
				GCC_WARN_64_TO_32_BIT_CONVERSION = YES;
				GCC_WARN_ABOUT_RETURN_TYPE = YES_ERROR;
				GCC_WARN_UNDECLARED_SELECTOR = YES;
				GCC_WARN_UNINITIALIZED_AUTOS = YES_AGGRESSIVE;
				GCC_WARN_UNUSED_FUNCTION = YES;
				GCC_WARN_UNUSED_VARIABLE = YES;
				IPHONEOS_DEPLOYMENT_TARGET = 11.3;
				MTL_ENABLE_DEBUG_INFO = YES;
				ONLY_ACTIVE_ARCH = YES;
				SDKROOT = iphoneos;
				SWIFT_ACTIVE_COMPILATION_CONDITIONS = DEBUG;
				SWIFT_OPTIMIZATION_LEVEL = "-Onone";
			};
			name = Debug;
		};
		017BDFE720F7B83A0064403D /* Release */ = {
			isa = XCBuildConfiguration;
			buildSettings = {
				ALWAYS_SEARCH_USER_PATHS = NO;
				CLANG_ANALYZER_NONNULL = YES;
				CLANG_ANALYZER_NUMBER_OBJECT_CONVERSION = YES_AGGRESSIVE;
				CLANG_CXX_LANGUAGE_STANDARD = "gnu++14";
				CLANG_CXX_LIBRARY = "libc++";
				CLANG_ENABLE_MODULES = YES;
				CLANG_ENABLE_OBJC_ARC = YES;
				CLANG_ENABLE_OBJC_WEAK = YES;
				CLANG_WARN_BLOCK_CAPTURE_AUTORELEASING = YES;
				CLANG_WARN_BOOL_CONVERSION = YES;
				CLANG_WARN_COMMA = YES;
				CLANG_WARN_CONSTANT_CONVERSION = YES;
				CLANG_WARN_DEPRECATED_OBJC_IMPLEMENTATIONS = YES;
				CLANG_WARN_DIRECT_OBJC_ISA_USAGE = YES_ERROR;
				CLANG_WARN_DOCUMENTATION_COMMENTS = YES;
				CLANG_WARN_EMPTY_BODY = YES;
				CLANG_WARN_ENUM_CONVERSION = YES;
				CLANG_WARN_INFINITE_RECURSION = YES;
				CLANG_WARN_INT_CONVERSION = YES;
				CLANG_WARN_NON_LITERAL_NULL_CONVERSION = YES;
				CLANG_WARN_OBJC_IMPLICIT_RETAIN_SELF = YES;
				CLANG_WARN_OBJC_LITERAL_CONVERSION = YES;
				CLANG_WARN_OBJC_ROOT_CLASS = YES_ERROR;
				CLANG_WARN_RANGE_LOOP_ANALYSIS = YES;
				CLANG_WARN_STRICT_PROTOTYPES = YES;
				CLANG_WARN_SUSPICIOUS_MOVE = YES;
				CLANG_WARN_UNGUARDED_AVAILABILITY = YES_AGGRESSIVE;
				CLANG_WARN_UNREACHABLE_CODE = YES;
				CLANG_WARN__DUPLICATE_METHOD_MATCH = YES;
				CODE_SIGN_IDENTITY = "iPhone Developer";
				COPY_PHASE_STRIP = NO;
				DEBUG_INFORMATION_FORMAT = "dwarf-with-dsym";
				ENABLE_NS_ASSERTIONS = NO;
				ENABLE_STRICT_OBJC_MSGSEND = YES;
				GCC_C_LANGUAGE_STANDARD = gnu11;
				GCC_NO_COMMON_BLOCKS = YES;
				GCC_WARN_64_TO_32_BIT_CONVERSION = YES;
				GCC_WARN_ABOUT_RETURN_TYPE = YES_ERROR;
				GCC_WARN_UNDECLARED_SELECTOR = YES;
				GCC_WARN_UNINITIALIZED_AUTOS = YES_AGGRESSIVE;
				GCC_WARN_UNUSED_FUNCTION = YES;
				GCC_WARN_UNUSED_VARIABLE = YES;
				IPHONEOS_DEPLOYMENT_TARGET = 11.3;
				MTL_ENABLE_DEBUG_INFO = NO;
				SDKROOT = iphoneos;
				SWIFT_COMPILATION_MODE = wholemodule;
				SWIFT_OPTIMIZATION_LEVEL = "-O";
				VALIDATE_PRODUCT = YES;
			};
			name = Release;
		};
		017BDFE920F7B83A0064403D /* Debug */ = {
			isa = XCBuildConfiguration;
			buildSettings = {
				ASSETCATALOG_COMPILER_APPICON_NAME = AppIcon;
				CODE_SIGN_STYLE = Automatic;
				DEVELOPMENT_TEAM = U7J77R4NH6;
				INFOPLIST_FILE = nshipsterSwift/Info.plist;
				IPHONEOS_DEPLOYMENT_TARGET = 10.0;
				LD_RUNPATH_SEARCH_PATHS = (
					"$(inherited)",
					"@executable_path/Frameworks",
				);
				PRODUCT_BUNDLE_IDENTIFIER = com.cn.nick.nshipsterSwift;
				PRODUCT_NAME = "$(TARGET_NAME)";
				SWIFT_VERSION = 4.2;
				TARGETED_DEVICE_FAMILY = 1;
			};
			name = Debug;
		};
		017BDFEA20F7B83A0064403D /* Release */ = {
			isa = XCBuildConfiguration;
			buildSettings = {
				ASSETCATALOG_COMPILER_APPICON_NAME = AppIcon;
				CODE_SIGN_STYLE = Automatic;
				DEVELOPMENT_TEAM = U7J77R4NH6;
				INFOPLIST_FILE = nshipsterSwift/Info.plist;
				IPHONEOS_DEPLOYMENT_TARGET = 10.0;
				LD_RUNPATH_SEARCH_PATHS = (
					"$(inherited)",
					"@executable_path/Frameworks",
				);
				PRODUCT_BUNDLE_IDENTIFIER = com.cn.nick.nshipsterSwift;
				PRODUCT_NAME = "$(TARGET_NAME)";
				SWIFT_VERSION = 4.2;
				TARGETED_DEVICE_FAMILY = 1;
			};
			name = Release;
		};
		017BDFEC20F7B83A0064403D /* Debug */ = {
			isa = XCBuildConfiguration;
			buildSettings = {
				ALWAYS_EMBED_SWIFT_STANDARD_LIBRARIES = YES;
				BUNDLE_LOADER = "$(TEST_HOST)";
				CODE_SIGN_STYLE = Automatic;
				DEVELOPMENT_TEAM = U7J77R4NH6;
				INFOPLIST_FILE = nshipsterSwiftTests/Info.plist;
				LD_RUNPATH_SEARCH_PATHS = (
					"$(inherited)",
					"@executable_path/Frameworks",
					"@loader_path/Frameworks",
				);
				PRODUCT_BUNDLE_IDENTIFIER = com.cn.nick.nshipsterSwiftTests;
				PRODUCT_NAME = "$(TARGET_NAME)";
				SWIFT_VERSION = 4.2;
				TARGETED_DEVICE_FAMILY = "1,2";
				TEST_HOST = "$(BUILT_PRODUCTS_DIR)/nshipsterSwift.app/nshipsterSwift";
			};
			name = Debug;
		};
		017BDFED20F7B83A0064403D /* Release */ = {
			isa = XCBuildConfiguration;
			buildSettings = {
				ALWAYS_EMBED_SWIFT_STANDARD_LIBRARIES = YES;
				BUNDLE_LOADER = "$(TEST_HOST)";
				CODE_SIGN_STYLE = Automatic;
				DEVELOPMENT_TEAM = U7J77R4NH6;
				INFOPLIST_FILE = nshipsterSwiftTests/Info.plist;
				LD_RUNPATH_SEARCH_PATHS = (
					"$(inherited)",
					"@executable_path/Frameworks",
					"@loader_path/Frameworks",
				);
				PRODUCT_BUNDLE_IDENTIFIER = com.cn.nick.nshipsterSwiftTests;
				PRODUCT_NAME = "$(TARGET_NAME)";
				SWIFT_VERSION = 4.2;
				TARGETED_DEVICE_FAMILY = "1,2";
				TEST_HOST = "$(BUILT_PRODUCTS_DIR)/nshipsterSwift.app/nshipsterSwift";
			};
			name = Release;
		};
		017BDFEF20F7B83A0064403D /* Debug */ = {
			isa = XCBuildConfiguration;
			buildSettings = {
				ALWAYS_EMBED_SWIFT_STANDARD_LIBRARIES = YES;
				CODE_SIGN_STYLE = Automatic;
				DEVELOPMENT_TEAM = U7J77R4NH6;
				INFOPLIST_FILE = nshipsterSwiftUITests/Info.plist;
				LD_RUNPATH_SEARCH_PATHS = (
					"$(inherited)",
					"@executable_path/Frameworks",
					"@loader_path/Frameworks",
				);
				PRODUCT_BUNDLE_IDENTIFIER = com.cn.nick.nshipsterSwiftUITests;
				PRODUCT_NAME = "$(TARGET_NAME)";
				SWIFT_VERSION = 4.2;
				TARGETED_DEVICE_FAMILY = "1,2";
				TEST_TARGET_NAME = nshipsterSwift;
			};
			name = Debug;
		};
		017BDFF020F7B83A0064403D /* Release */ = {
			isa = XCBuildConfiguration;
			buildSettings = {
				ALWAYS_EMBED_SWIFT_STANDARD_LIBRARIES = YES;
				CODE_SIGN_STYLE = Automatic;
				DEVELOPMENT_TEAM = U7J77R4NH6;
				INFOPLIST_FILE = nshipsterSwiftUITests/Info.plist;
				LD_RUNPATH_SEARCH_PATHS = (
					"$(inherited)",
					"@executable_path/Frameworks",
					"@loader_path/Frameworks",
				);
				PRODUCT_BUNDLE_IDENTIFIER = com.cn.nick.nshipsterSwiftUITests;
				PRODUCT_NAME = "$(TARGET_NAME)";
				SWIFT_VERSION = 4.2;
				TARGETED_DEVICE_FAMILY = "1,2";
				TEST_TARGET_NAME = nshipsterSwift;
			};
			name = Release;
		};
/* End XCBuildConfiguration section */

/* Begin XCConfigurationList section */
		017BDFBB20F7B8380064403D /* Build configuration list for PBXProject "nshipsterSwift" */ = {
			isa = XCConfigurationList;
			buildConfigurations = (
				017BDFE620F7B83A0064403D /* Debug */,
				017BDFE720F7B83A0064403D /* Release */,
			);
			defaultConfigurationIsVisible = 0;
			defaultConfigurationName = Release;
		};
		017BDFE820F7B83A0064403D /* Build configuration list for PBXNativeTarget "nshipsterSwift" */ = {
			isa = XCConfigurationList;
			buildConfigurations = (
				017BDFE920F7B83A0064403D /* Debug */,
				017BDFEA20F7B83A0064403D /* Release */,
			);
			defaultConfigurationIsVisible = 0;
			defaultConfigurationName = Release;
		};
		017BDFEB20F7B83A0064403D /* Build configuration list for PBXNativeTarget "nshipsterSwiftTests" */ = {
			isa = XCConfigurationList;
			buildConfigurations = (
				017BDFEC20F7B83A0064403D /* Debug */,
				017BDFED20F7B83A0064403D /* Release */,
			);
			defaultConfigurationIsVisible = 0;
			defaultConfigurationName = Release;
		};
		017BDFEE20F7B83A0064403D /* Build configuration list for PBXNativeTarget "nshipsterSwiftUITests" */ = {
			isa = XCConfigurationList;
			buildConfigurations = (
				017BDFEF20F7B83A0064403D /* Debug */,
				017BDFF020F7B83A0064403D /* Release */,
			);
			defaultConfigurationIsVisible = 0;
			defaultConfigurationName = Release;
		};
/* End XCConfigurationList section */
	};
	rootObject = 017BDFB820F7B8380064403D /* Project object */;
}
